
Microsoft Visual Studio Solution File, Format Version 12.00
# Visual Studio Version 17
VisualStudioVersion = 17.5.002.0
MinimumVisualStudioVersion = 10.0.40219.1
Project("{9A19103F-16F7-4668-BE54-9A1E7A4F7556}") = "c-sharp", "c-sharp\c-sharp.csproj", "{AABF93F6-3CFD-433F-AD41-D09FC535D83D}"
EndProject
Global
	GlobalSection(SolutionConfigurationPlatforms) = preSolution
		Debug|Any CPU = Debug|Any CPU
		Release|Any CPU = Release|Any CPU
	EndGlobalSection
	GlobalSection(ProjectConfigurationPlatforms) = postSolution
		{AABF93F6-3CFD-433F-AD41-D09FC535D83D}.Debug|Any CPU.ActiveCfg = Debug|Any CPU
		{AABF93F6-3CFD-433F-AD41-D09FC535D83D}.Debug|Any CPU.Build.0 = Debug|Any CPU
		{AABF93F6-3CFD-433F-AD41-D09FC535D83D}.Release|Any CPU.ActiveCfg = Release|Any CPU
		{AABF93F6-3CFD-433F-AD41-D09FC535D83D}.Release|Any CPU.Build.0 = Release|Any CPU
	EndGlobalSection
	GlobalSection(SolutionProperties) = preSolution
		HideSolutionNode = FALSE
	EndGlobalSection
	GlobalSection(ExtensibilityGlobals) = postSolution
		SolutionGuid = {C54D4026-7071-4F49-B8CA-D027A4E428FE}
	EndGlobalSection
EndGlobal
